
Microsoft Visual Studio Solution File, Format Version 12.00
# Visual Studio Version 17
VisualStudioVersion = 17.3.32922.545
MinimumVisualStudioVersion = 10.0.40219.1
Project("{9A19103F-16F7-4668-BE54-9A1E7A4F7556}") = "Efriender", "Efriender.csproj", "{39F350F6-EFBC-4FD0-AD7B-B1C5D0E28CC0}"
EndProject
Global
	GlobalSection(SolutionConfigurationPlatforms) = preSolution
		Debug|Any CPU = Debug|Any CPU
		Release|Any CPU = Release|Any CPU
	EndGlobalSection
	GlobalSection(ProjectConfigurationPlatforms) = postSolution
		{39F350F6-EFBC-4FD0-AD7B-B1C5D0E28CC0}.Debug|Any CPU.ActiveCfg = Debug|Any CPU
		{39F350F6-EFBC-4FD0-AD7B-B1C5D0E28CC0}.Debug|Any CPU.Build.0 = Debug|Any CPU
		{39F350F6-EFBC-4FD0-AD7B-B1C5D0E28CC0}.Release|Any CPU.ActiveCfg = Release|Any CPU
		{39F350F6-EFBC-4FD0-AD7B-B1C5D0E28CC0}.Release|Any CPU.Build.0 = Release|Any CPU
	EndGlobalSection
	GlobalSection(SolutionProperties) = preSolution
		HideSolutionNode = FALSE
	EndGlobalSection
	GlobalSection(ExtensibilityGlobals) = postSolution
		SolutionGuid = {7E20B8F5-BEB2-4932-BBBE-CC88FD6B1FBE}
	EndGlobalSection
EndGlobal
